
Microsoft Visual Studio Solution File, Format Version 12.00
# Visual Studio Version 16
VisualStudioVersion = 16.0.33027.164
MinimumVisualStudioVersion = 10.0.40219.1
Project("{FAE04EC0-301F-11D3-BF4B-00C04F79EFBC}") = "Employee_Department", "Employee_Department.csproj", "{085F800F-9057-40DB-A88C-505FCA15BF8B}"
EndProject
Global
	GlobalSection(SolutionConfigurationPlatforms) = preSolution
		Debug|Any CPU = Debug|Any CPU
		Release|Any CPU = Release|Any CPU
	EndGlobalSection
	GlobalSection(ProjectConfigurationPlatforms) = postSolution
		{085F800F-9057-40DB-A88C-505FCA15BF8B}.Debug|Any CPU.ActiveCfg = Debug|Any CPU
		{085F800F-9057-40DB-A88C-505FCA15BF8B}.Debug|Any CPU.Build.0 = Debug|Any CPU
		{085F800F-9057-40DB-A88C-505FCA15BF8B}.Release|Any CPU.ActiveCfg = Release|Any CPU
		{085F800F-9057-40DB-A88C-505FCA15BF8B}.Release|Any CPU.Build.0 = Release|Any CPU
	EndGlobalSection
	GlobalSection(SolutionProperties) = preSolution
		HideSolutionNode = FALSE
	EndGlobalSection
	GlobalSection(ExtensibilityGlobals) = postSolution
		SolutionGuid = {AB2F25FB-797D-4871-93B6-F4FDD7E0C2A2}
	EndGlobalSection
EndGlobal
